
Microsoft Visual Studio Solution File, Format Version 12.00
# Visual Studio Version 17
VisualStudioVersion = 17.12.35527.113 d17.12
MinimumVisualStudioVersion = 10.0.40219.1
Project("{FAE04EC0-301F-11D3-BF4B-00C04F79EFBC}") = "Poker2033Lib", "Poker2033Lib.csproj", "{B9B74D11-54F5-4B8B-9970-B5C52FE8C1BC}"
EndProject
Global
	GlobalSection(SolutionConfigurationPlatforms) = preSolution
		Debug|Any CPU = Debug|Any CPU
		Release|Any CPU = Release|Any CPU
	EndGlobalSection
	GlobalSection(ProjectConfigurationPlatforms) = postSolution
		{B9B74D11-54F5-4B8B-9970-B5C52FE8C1BC}.Debug|Any CPU.ActiveCfg = Debug|Any CPU
		{B9B74D11-54F5-4B8B-9970-B5C52FE8C1BC}.Debug|Any CPU.Build.0 = Debug|Any CPU
		{B9B74D11-54F5-4B8B-9970-B5C52FE8C1BC}.Release|Any CPU.ActiveCfg = Release|Any CPU
		{B9B74D11-54F5-4B8B-9970-B5C52FE8C1BC}.Release|Any CPU.Build.0 = Release|Any CPU
	EndGlobalSection
	GlobalSection(SolutionProperties) = preSolution
		HideSolutionNode = FALSE
	EndGlobalSection
EndGlobal
